// !$*UTF8*$!
{
	archiveVersion = 1;
	classes = {
	};
	objectVersion = 46;
	objects = {

/* Begin PBXBuildFile section */
		993938C61CEEA91A00BD72FF /* main.m in Sources */ = {isa = PBXBuildFile; fileRef = 993938C51CEEA91A00BD72FF /* main.m */; };
		993938C91CEEA91A00BD72FF /* AppDelegate.m in Sources */ = {isa = PBXBuildFile; fileRef = 993938C81CEEA91A00BD72FF /* AppDelegate.m */; };
		993938CC1CEEA91A00BD72FF /* ViewController.m in Sources */ = {isa = PBXBuildFile; fileRef = 993938CB1CEEA91A00BD72FF /* ViewController.m */; };
		993938CF1CEEA91A00BD72FF /* Main.storyboard in Resources */ = {isa = PBXBuildFile; fileRef = 993938CD1CEEA91A00BD72FF /* Main.storyboard */; };
		993938D11CEEA91A00BD72FF /* Assets.xcassets in Resources */ = {isa = PBXBuildFile; fileRef = 993938D01CEEA91A00BD72FF /* Assets.xcassets */; };
		993938D41CEEA91A00BD72FF /* LaunchScreen.storyboard in Resources */ = {isa = PBXBuildFile; fileRef = 993938D21CEEA91A00BD72FF /* LaunchScreen.storyboard */; };
		993938DD1CEEAC6A00BD72FF /* SpotifyTopTracksDataProvider.m in Sources */ = {isa = PBXBuildFile; fileRef = 993938DC1CEEAC6A00BD72FF /* SpotifyTopTracksDataProvider.m */; };
		993938E01CEEAC7C00BD72FF /* FileTopTracksDataProvider.m in Sources */ = {isa = PBXBuildFile; fileRef = 993938DF1CEEAC7C00BD72FF /* FileTopTracksDataProvider.m */; };
		993938E41CEEAE1400BD72FF /* TopTracksDataProviderFactory.m in Sources */ = {isa = PBXBuildFile; fileRef = 993938E31CEEAE1400BD72FF /* TopTracksDataProviderFactory.m */; };
/* End PBXBuildFile section */

/* Begin PBXFileReference section */
		993938C11CEEA91A00BD72FF /* ElvisPresleyTopTracks.app */ = {isa = PBXFileReference; explicitFileType = wrapper.application; includeInIndex = 0; path = ElvisPresleyTopTracks.app; sourceTree = BUILT_PRODUCTS_DIR; };
		993938C51CEEA91A00BD72FF /* main.m */ = {isa = PBXFileReference; lastKnownFileType = sourcecode.c.objc; path = main.m; sourceTree = "<group>"; };
		993938C71CEEA91A00BD72FF /* AppDelegate.h */ = {isa = PBXFileReference; lastKnownFileType = sourcecode.c.h; path = AppDelegate.h; sourceTree = "<group>"; };
		993938C81CEEA91A00BD72FF /* AppDelegate.m */ = {isa = PBXFileReference; lastKnownFileType = sourcecode.c.objc; path = AppDelegate.m; sourceTree = "<group>"; };
		993938CA1CEEA91A00BD72FF /* ViewController.h */ = {isa = PBXFileReference; lastKnownFileType = sourcecode.c.h; path = ViewController.h; sourceTree = "<group>"; };
		993938CB1CEEA91A00BD72FF /* ViewController.m */ = {isa = PBXFileReference; lastKnownFileType = sourcecode.c.objc; path = ViewController.m; sourceTree = "<group>"; };
		993938CE1CEEA91A00BD72FF /* Base */ = {isa = PBXFileReference; lastKnownFileType = file.storyboard; name = Base; path = Base.lproj/Main.storyboard; sourceTree = "<group>"; };
		993938D01CEEA91A00BD72FF /* Assets.xcassets */ = {isa = PBXFileReference; lastKnownFileType = folder.assetcatalog; path = Assets.xcassets; sourceTree = "<group>"; };
		993938D31CEEA91A00BD72FF /* Base */ = {isa = PBXFileReference; lastKnownFileType = file.storyboard; name = Base; path = Base.lproj/LaunchScreen.storyboard; sourceTree = "<group>"; };
		993938D51CEEA91A00BD72FF /* Info.plist */ = {isa = PBXFileReference; lastKnownFileType = text.plist.xml; path = Info.plist; sourceTree = "<group>"; };
		993938DB1CEEAC6A00BD72FF /* SpotifyTopTracksDataProvider.h */ = {isa = PBXFileReference; fileEncoding = 4; lastKnownFileType = sourcecode.c.h; path = SpotifyTopTracksDataProvider.h; sourceTree = "<group>"; };
		993938DC1CEEAC6A00BD72FF /* SpotifyTopTracksDataProvider.m */ = {isa = PBXFileReference; fileEncoding = 4; lastKnownFileType = sourcecode.c.objc; path = SpotifyTopTracksDataProvider.m; sourceTree = "<group>"; };
		993938DE1CEEAC7C00BD72FF /* FileTopTracksDataProvider.h */ = {isa = PBXFileReference; fileEncoding = 4; lastKnownFileType = sourcecode.c.h; path = FileTopTracksDataProvider.h; sourceTree = "<group>"; };
		993938DF1CEEAC7C00BD72FF /* FileTopTracksDataProvider.m */ = {isa = PBXFileReference; fileEncoding = 4; lastKnownFileType = sourcecode.c.objc; path = FileTopTracksDataProvider.m; sourceTree = "<group>"; };
		993938E11CEEAC9500BD72FF /* TopTracksDataProviderProtocol.h */ = {isa = PBXFileReference; lastKnownFileType = sourcecode.c.h; path = TopTracksDataProviderProtocol.h; sourceTree = "<group>"; };
		993938E21CEEAE1400BD72FF /* TopTracksDataProviderFactory.h */ = {isa = PBXFileReference; fileEncoding = 4; lastKnownFileType = sourcecode.c.h; path = TopTracksDataProviderFactory.h; sourceTree = "<group>"; };
		993938E31CEEAE1400BD72FF /* TopTracksDataProviderFactory.m */ = {isa = PBXFileReference; fileEncoding = 4; lastKnownFileType = sourcecode.c.objc; path = TopTracksDataProviderFactory.m; sourceTree = "<group>"; };
/* End PBXFileReference section */

/* Begin PBXFrameworksBuildPhase section */
		993938BE1CEEA91A00BD72FF /* Frameworks */ = {
			isa = PBXFrameworksBuildPhase;
			buildActionMask = 2147483647;
			files = (
			);
			runOnlyForDeploymentPostprocessing = 0;
		};
/* End PBXFrameworksBuildPhase section */

/* Begin PBXGroup section */
		993938B81CEEA91A00BD72FF = {
			isa = PBXGroup;
			children = (
				993938C31CEEA91A00BD72FF /* ElvisPresleyTopTracks */,
				993938C21CEEA91A00BD72FF /* Products */,
			);
			sourceTree = "<group>";
		};
		993938C21CEEA91A00BD72FF /* Products */ = {
			isa = PBXGroup;
			children = (
				993938C11CEEA91A00BD72FF /* ElvisPresleyTopTracks.app */,
			);
			name = Products;
			sourceTree = "<group>";
		};
		993938C31CEEA91A00BD72FF /* ElvisPresleyTopTracks */ = {
			isa = PBXGroup;
			children = (
				993938C71CEEA91A00BD72FF /* AppDelegate.h */,
				993938C81CEEA91A00BD72FF /* AppDelegate.m */,
				993938CA1CEEA91A00BD72FF /* ViewController.h */,
				993938CB1CEEA91A00BD72FF /* ViewController.m */,
				993938CD1CEEA91A00BD72FF /* Main.storyboard */,
				993938D01CEEA91A00BD72FF /* Assets.xcassets */,
				993938D21CEEA91A00BD72FF /* LaunchScreen.storyboard */,
				993938D51CEEA91A00BD72FF /* Info.plist */,
				993938C41CEEA91A00BD72FF /* Supporting Files */,
				993938DB1CEEAC6A00BD72FF /* SpotifyTopTracksDataProvider.h */,
				993938DC1CEEAC6A00BD72FF /* SpotifyTopTracksDataProvider.m */,
				993938DE1CEEAC7C00BD72FF /* FileTopTracksDataProvider.h */,
				993938DF1CEEAC7C00BD72FF /* FileTopTracksDataProvider.m */,
				993938E11CEEAC9500BD72FF /* TopTracksDataProviderProtocol.h */,
				993938E21CEEAE1400BD72FF /* TopTracksDataProviderFactory.h */,
				993938E31CEEAE1400BD72FF /* TopTracksDataProviderFactory.m */,
			);
			path = ElvisPresleyTopTracks;
			sourceTree = "<group>";
		};
		993938C41CEEA91A00BD72FF /* Supporting Files */ = {
			isa = PBXGroup;
			children = (
				993938C51CEEA91A00BD72FF /* main.m */,
			);
			name = "Supporting Files";
			sourceTree = "<group>";
		};
/* End PBXGroup section */

/* Begin PBXNativeTarget section */
		993938C01CEEA91A00BD72FF /* ElvisPresleyTopTracks */ = {
			isa = PBXNativeTarget;
			buildConfigurationList = 993938D81CEEA91A00BD72FF /* Build configuration list for PBXNativeTarget "ElvisPresleyTopTracks" */;
			buildPhases = (
				993938BD1CEEA91A00BD72FF /* Sources */,
				993938BE1CEEA91A00BD72FF /* Frameworks */,
				993938BF1CEEA91A00BD72FF /* Resources */,
			);
			buildRules = (
			);
			dependencies = (
			);
			name = ElvisPresleyTopTracks;
			productName = ElvisPresleyTopTracks;
			productReference = 993938C11CEEA91A00BD72FF /* ElvisPresleyTopTracks.app */;
			productType = "com.apple.product-type.application";
		};
/* End PBXNativeTarget section */

/* Begin PBXProject section */
		993938B91CEEA91A00BD72FF /* Project object */ = {
			isa = PBXProject;
			attributes = {
				LastUpgradeCheck = 0730;
				ORGANIZATIONNAME = "Christopher White";
				TargetAttributes = {
					993938C01CEEA91A00BD72FF = {
						CreatedOnToolsVersion = 7.3.1;
					};
				};
			};
			buildConfigurationList = 993938BC1CEEA91A00BD72FF /* Build configuration list for PBXProject "ElvisPresleyTopTracks" */;
			compatibilityVersion = "Xcode 3.2";
			developmentRegion = English;
			hasScannedForEncodings = 0;
			knownRegions = (
				en,
				Base,
			);
			mainGroup = 993938B81CEEA91A00BD72FF;
			productRefGroup = 993938C21CEEA91A00BD72FF /* Products */;
			projectDirPath = "";
			projectRoot = "";
			targets = (
				993938C01CEEA91A00BD72FF /* ElvisPresleyTopTracks */,
			);
		};
/* End PBXProject section */

/* Begin PBXResourcesBuildPhase section */
		993938BF1CEEA91A00BD72FF /* Resources */ = {
			isa = PBXResourcesBuildPhase;
			buildActionMask = 2147483647;
			files = (
				993938D41CEEA91A00BD72FF /* LaunchScreen.storyboard in Resources */,
				993938D11CEEA91A00BD72FF /* Assets.xcassets in Resources */,
				993938CF1CEEA91A00BD72FF /* Main.storyboard in Resources */,
			);
			runOnlyForDeploymentPostprocessing = 0;
		};
/* End PBXResourcesBuildPhase section */

/* Begin PBXSourcesBuildPhase section */
		993938BD1CEEA91A00BD72FF /* Sources */ = {
			isa = PBXSourcesBuildPhase;
			buildActionMask = 2147483647;
			files = (
				993938E01CEEAC7C00BD72FF /* FileTopTracksDataProvider.m in Sources */,
				993938E41CEEAE1400BD72FF /* TopTracksDataProviderFactory.m in Sources */,
				993938CC1CEEA91A00BD72FF /* ViewController.m in Sources */,
				993938C91CEEA91A00BD72FF /* AppDelegate.m in Sources */,
				993938C61CEEA91A00BD72FF /* main.m in Sources */,
				993938DD1CEEAC6A00BD72FF /* SpotifyTopTracksDataProvider.m in Sources */,
			);
			runOnlyForDeploymentPostprocessing = 0;
		};
/* End PBXSourcesBuildPhase section */

/* Begin PBXVariantGroup section */
		993938CD1CEEA91A00BD72FF /* Main.storyboard */ = {
			isa = PBXVariantGroup;
			children = (
				993938CE1CEEA91A00BD72FF /* Base */,
			);
			name = Main.storyboard;
			sourceTree = "<group>";
		};
		993938D21CEEA91A00BD72FF /* LaunchScreen.storyboard */ = {
			isa = PBXVariantGroup;
			children = (
				993938D31CEEA91A00BD72FF /* Base */,
			);
			name = LaunchScreen.storyboard;
			sourceTree = "<group>";
		};
/* End PBXVariantGroup section */

/* Begin XCBuildConfiguration section */
		993938D61CEEA91A00BD72FF /* Debug */ = {
			isa = XCBuildConfiguration;
			buildSettings = {
				ALWAYS_SEARCH_USER_PATHS = NO;
				CLANG_ANALYZER_NONNULL = YES;
				CLANG_CXX_LANGUAGE_STANDARD = "gnu++0x";
				CLANG_CXX_LIBRARY = "libc++";
				CLANG_ENABLE_MODULES = YES;
				CLANG_ENABLE_OBJC_ARC = YES;
				CLANG_WARN_BOOL_CONVERSION = YES;
				CLANG_WARN_CONSTANT_CONVERSION = YES;
				CLANG_WARN_DIRECT_OBJC_ISA_USAGE = YES_ERROR;
				CLANG_WARN_EMPTY_BODY = YES;
				CLANG_WARN_ENUM_CONVERSION = YES;
				CLANG_WARN_INT_CONVERSION = YES;
				CLANG_WARN_OBJC_ROOT_CLASS = YES_ERROR;
				CLANG_WARN_UNREACHABLE_CODE = YES;
				CLANG_WARN__DUPLICATE_METHOD_MATCH = YES;
				"CODE_SIGN_IDENTITY[sdk=iphoneos*]" = "iPhone Developer";
				COPY_PHASE_STRIP = NO;
				DEBUG_INFORMATION_FORMAT = dwarf;
				ENABLE_STRICT_OBJC_MSGSEND = YES;
				ENABLE_TESTABILITY = YES;
				GCC_C_LANGUAGE_STANDARD = gnu99;
				GCC_DYNAMIC_NO_PIC = NO;
				GCC_NO_COMMON_BLOCKS = YES;
				GCC_OPTIMIZATION_LEVEL = 0;
				GCC_PREPROCESSOR_DEFINITIONS = (
					"DEBUG=1",
					"$(inherited)",
				);
				GCC_WARN_64_TO_32_BIT_CONVERSION = YES;
				GCC_WARN_ABOUT_RETURN_TYPE = YES_ERROR;
				GCC_WARN_UNDECLARED_SELECTOR = YES;
				GCC_WARN_UNINITIALIZED_AUTOS = YES_AGGRESSIVE;
				GCC_WARN_UNUSED_FUNCTION = YES;
				GCC_WARN_UNUSED_VARIABLE = YES;
				IPHONEOS_DEPLOYMENT_TARGET = 9.3;
				MTL_ENABLE_DEBUG_INFO = YES;
				ONLY_ACTIVE_ARCH = YES;
				SDKROOT = iphoneos;
			};
			name = Debug;
		};
		993938D71CEEA91A00BD72FF /* Release */ = {
			isa = XCBuildConfiguration;
			buildSettings = {
				ALWAYS_SEARCH_USER_PATHS = NO;
				CLANG_ANALYZER_NONNULL = YES;
				CLANG_CXX_LANGUAGE_STANDARD = "gnu++0x";
				CLANG_CXX_LIBRARY = "libc++";
				CLANG_ENABLE_MODULES = YES;
				CLANG_ENABLE_OBJC_ARC = YES;
				CLANG_WARN_BOOL_CONVERSION = YES;
				CLANG_WARN_CONSTANT_CONVERSION = YES;
				CLANG_WARN_DIRECT_OBJC_ISA_USAGE = YES_ERROR;
				CLANG_WARN_EMPTY_BODY = YES;
				CLANG_WARN_ENUM_CONVERSION = YES;
				CLANG_WARN_INT_CONVERSION = YES;
				CLANG_WARN_OBJC_ROOT_CLASS = YES_ERROR;
				CLANG_WARN_UNREACHABLE_CODE = YES;
				CLANG_WARN__DUPLICATE_METHOD_MATCH = YES;
				"CODE_SIGN_IDENTITY[sdk=iphoneos*]" = "iPhone Developer";
				COPY_PHASE_STRIP = NO;
				DEBUG_INFORMATION_FORMAT = "dwarf-with-dsym";
				ENABLE_NS_ASSERTIONS = NO;
				ENABLE_STRICT_OBJC_MSGSEND = YES;
				GCC_C_LANGUAGE_STANDARD = gnu99;
				GCC_NO_COMMON_BLOCKS = YES;
				GCC_WARN_64_TO_32_BIT_CONVERSION = YES;
				GCC_WARN_ABOUT_RETURN_TYPE = YES_ERROR;
				GCC_WARN_UNDECLARED_SELECTOR = YES;
				GCC_WARN_UNINITIALIZED_AUTOS = YES_AGGRESSIVE;
				GCC_WARN_UNUSED_FUNCTION = YES;
				GCC_WARN_UNUSED_VARIABLE = YES;
				IPHONEOS_DEPLOYMENT_TARGET = 9.3;
				MTL_ENABLE_DEBUG_INFO = NO;
				SDKROOT = iphoneos;
				VALIDATE_PRODUCT = YES;
			};
			name = Release;
		};
		993938D91CEEA91A00BD72FF /* Debug */ = {
			isa = XCBuildConfiguration;
			buildSettings = {
				ASSETCATALOG_COMPILER_APPICON_NAME = AppIcon;
				INFOPLIST_FILE = ElvisPresleyTopTracks/Info.plist;
				IPHONEOS_DEPLOYMENT_TARGET = 9.0;
				LD_RUNPATH_SEARCH_PATHS = "$(inherited) @executable_path/Frameworks";
				PRODUCT_BUNDLE_IDENTIFIER = com.christopherwhite.ElvisPresleyTopTracks;
				PRODUCT_NAME = "$(TARGET_NAME)";
			};
			name = Debug;
		};
		993938DA1CEEA91A00BD72FF /* Release */ = {
			isa = XCBuildConfiguration;
			buildSettings = {
				ASSETCATALOG_COMPILER_APPICON_NAME = AppIcon;
				INFOPLIST_FILE = ElvisPresleyTopTracks/Info.plist;
				IPHONEOS_DEPLOYMENT_TARGET = 9.0;
				LD_RUNPATH_SEARCH_PATHS = "$(inherited) @executable_path/Frameworks";
				PRODUCT_BUNDLE_IDENTIFIER = com.christopherwhite.ElvisPresleyTopTracks;
				PRODUCT_NAME = "$(TARGET_NAME)";
			};
			name = Release;
		};
/* End XCBuildConfiguration section */

/* Begin XCConfigurationList section */
		993938BC1CEEA91A00BD72FF /* Build configuration list for PBXProject "ElvisPresleyTopTracks" */ = {
			isa = XCConfigurationList;
			buildConfigurations = (
				993938D61CEEA91A00BD72FF /* Debug */,
				993938D71CEEA91A00BD72FF /* Release */,
			);
			defaultConfigurationIsVisible = 0;
			defaultConfigurationName = Release;
		};
		993938D81CEEA91A00BD72FF /* Build configuration list for PBXNativeTarget "ElvisPresleyTopTracks" */ = {
			isa = XCConfigurationList;
			buildConfigurations = (
				993938D91CEEA91A00BD72FF /* Debug */,
				993938DA1CEEA91A00BD72FF /* Release */,
			);
			defaultConfigurationIsVisible = 0;
		};
/* End XCConfigurationList section */
	};
	rootObject = 993938B91CEEA91A00BD72FF /* Project object */;
}
